
Microsoft Visual Studio Solution File, Format Version 12.00
# Visual Studio Version 17
VisualStudioVersion = 17.6.33829.357
MinimumVisualStudioVersion = 10.0.40219.1
Project("{2150E333-8FDC-42A3-9474-1A3956D46DE8}") = "src", "src", "{2F7C9235-7A18-48EE-9929-5D2DEC9B8266}"
EndProject
Project("{2150E333-8FDC-42A3-9474-1A3956D46DE8}") = "server", "server", "{522F7F19-4942-4CDE-A607-B631CE952E70}"
EndProject
Project("{9A19103F-16F7-4668-BE54-9A1E7A4F7556}") = "KubeDeploy.Api", "src\server\KubeDeploy.Api\KubeDeploy.Api.csproj", "{AFEF5FF4-2344-49B2-96D8-46CCB3EC2D5D}"
EndProject
Global
	GlobalSection(SolutionConfigurationPlatforms) = preSolution
		Debug|Any CPU = Debug|Any CPU
		Release|Any CPU = Release|Any CPU
	EndGlobalSection
	GlobalSection(ProjectConfigurationPlatforms) = postSolution
		{AFEF5FF4-2344-49B2-96D8-46CCB3EC2D5D}.Debug|Any CPU.ActiveCfg = Debug|Any CPU
		{AFEF5FF4-2344-49B2-96D8-46CCB3EC2D5D}.Debug|Any CPU.Build.0 = Debug|Any CPU
		{AFEF5FF4-2344-49B2-96D8-46CCB3EC2D5D}.Release|Any CPU.ActiveCfg = Release|Any CPU
		{AFEF5FF4-2344-49B2-96D8-46CCB3EC2D5D}.Release|Any CPU.Build.0 = Release|Any CPU
	EndGlobalSection
	GlobalSection(SolutionProperties) = preSolution
		HideSolutionNode = FALSE
	EndGlobalSection
	GlobalSection(NestedProjects) = preSolution
		{522F7F19-4942-4CDE-A607-B631CE952E70} = {2F7C9235-7A18-48EE-9929-5D2DEC9B8266}
		{AFEF5FF4-2344-49B2-96D8-46CCB3EC2D5D} = {522F7F19-4942-4CDE-A607-B631CE952E70}
	EndGlobalSection
	GlobalSection(ExtensibilityGlobals) = postSolution
		SolutionGuid = {3BD7A568-049A-4E24-8C80-CCD9FFEDE14D}
	EndGlobalSection
EndGlobal
